
Microsoft Visual Studio Solution File, Format Version 12.00
# Visual Studio Version 16
VisualStudioVersion = 16.0.29920.165
MinimumVisualStudioVersion = 10.0.40219.1
Project("{FAE04EC0-301F-11D3-BF4B-00C04F79EFBC}") = "08Homework", "08Homework\08Homework.csproj", "{0C80ED24-737B-40D9-B316-37379BC5E4C0}"
EndProject
Global
	GlobalSection(SolutionConfigurationPlatforms) = preSolution
		Debug|Any CPU = Debug|Any CPU
		Release|Any CPU = Release|Any CPU
	EndGlobalSection
	GlobalSection(ProjectConfigurationPlatforms) = postSolution
		{0C80ED24-737B-40D9-B316-37379BC5E4C0}.Debug|Any CPU.ActiveCfg = Debug|Any CPU
		{0C80ED24-737B-40D9-B316-37379BC5E4C0}.Debug|Any CPU.Build.0 = Debug|Any CPU
		{0C80ED24-737B-40D9-B316-37379BC5E4C0}.Release|Any CPU.ActiveCfg = Release|Any CPU
		{0C80ED24-737B-40D9-B316-37379BC5E4C0}.Release|Any CPU.Build.0 = Release|Any CPU
	EndGlobalSection
	GlobalSection(SolutionProperties) = preSolution
		HideSolutionNode = FALSE
	EndGlobalSection
	GlobalSection(ExtensibilityGlobals) = postSolution
		SolutionGuid = {6B0CF3EA-55D5-4887-ADF0-101047AC669E}
	EndGlobalSection
EndGlobal
