
Microsoft Visual Studio Solution File, Format Version 12.00
# Visual Studio Version 16
VisualStudioVersion = 16.0.29920.165
MinimumVisualStudioVersion = 10.0.40219.1
Project("{9A19103F-16F7-4668-BE54-9A1E7A4F7556}") = "Lotary", "..\..\05_CSharpBasic1\gitcodeC#\skwd8-05-oopcsharp\g1\Class9WorkShop\Lotary\Lotary\Lotary.csproj", "{CEDCFAD2-FE8A-406A-B6C6-A67F884D34B2}"
EndProject
Project("{9A19103F-16F7-4668-BE54-9A1E7A4F7556}") = "LottoServices", "..\..\05_CSharpBasic1\gitcodeC#\skwd8-05-oopcsharp\g1\Class9WorkShop\Lotary\LottoServices\LottoServices.csproj", "{1BF55232-E530-4715-B202-416D60A6DF9A}"
EndProject
Global
	GlobalSection(SolutionConfigurationPlatforms) = preSolution
		Debug|Any CPU = Debug|Any CPU
		Release|Any CPU = Release|Any CPU
	EndGlobalSection
	GlobalSection(ProjectConfigurationPlatforms) = postSolution
		{CEDCFAD2-FE8A-406A-B6C6-A67F884D34B2}.Debug|Any CPU.ActiveCfg = Debug|Any CPU
		{CEDCFAD2-FE8A-406A-B6C6-A67F884D34B2}.Debug|Any CPU.Build.0 = Debug|Any CPU
		{CEDCFAD2-FE8A-406A-B6C6-A67F884D34B2}.Release|Any CPU.ActiveCfg = Release|Any CPU
		{CEDCFAD2-FE8A-406A-B6C6-A67F884D34B2}.Release|Any CPU.Build.0 = Release|Any CPU
		{1BF55232-E530-4715-B202-416D60A6DF9A}.Debug|Any CPU.ActiveCfg = Debug|Any CPU
		{1BF55232-E530-4715-B202-416D60A6DF9A}.Debug|Any CPU.Build.0 = Debug|Any CPU
		{1BF55232-E530-4715-B202-416D60A6DF9A}.Release|Any CPU.ActiveCfg = Release|Any CPU
		{1BF55232-E530-4715-B202-416D60A6DF9A}.Release|Any CPU.Build.0 = Release|Any CPU
	EndGlobalSection
	GlobalSection(SolutionProperties) = preSolution
		HideSolutionNode = FALSE
	EndGlobalSection
	GlobalSection(ExtensibilityGlobals) = postSolution
		SolutionGuid = {D77060D1-5A11-4EB0-A70F-6E0AC557AED1}
	EndGlobalSection
EndGlobal
